
Microsoft Visual Studio Solution File, Format Version 12.00
# Visual Studio Version 17
VisualStudioVersion = 17.3.32922.545
MinimumVisualStudioVersion = 10.0.40219.1
Project("{FAE04EC0-301F-11D3-BF4B-00C04F79EFBC}") = "PictogrApp.Android", "PictogrApp.Android\PictogrApp.Android.csproj", "{241645C4-36FC-46C8-A5F9-CFC233054452}"
EndProject
Project("{9A19103F-16F7-4668-BE54-9A1E7A4F7556}") = "PictogrApp", "PictogrApp\PictogrApp.csproj", "{4895D58F-C625-4D0A-B768-3DEA4437A67D}"
EndProject
Global
	GlobalSection(SolutionConfigurationPlatforms) = preSolution
		Debug|Any CPU = Debug|Any CPU
		Release|Any CPU = Release|Any CPU
	EndGlobalSection
	GlobalSection(ProjectConfigurationPlatforms) = postSolution
		{241645C4-36FC-46C8-A5F9-CFC233054452}.Debug|Any CPU.ActiveCfg = Debug|Any CPU
		{241645C4-36FC-46C8-A5F9-CFC233054452}.Debug|Any CPU.Build.0 = Debug|Any CPU
		{241645C4-36FC-46C8-A5F9-CFC233054452}.Debug|Any CPU.Deploy.0 = Debug|Any CPU
		{241645C4-36FC-46C8-A5F9-CFC233054452}.Release|Any CPU.ActiveCfg = Release|Any CPU
		{241645C4-36FC-46C8-A5F9-CFC233054452}.Release|Any CPU.Build.0 = Release|Any CPU
		{241645C4-36FC-46C8-A5F9-CFC233054452}.Release|Any CPU.Deploy.0 = Release|Any CPU
		{4895D58F-C625-4D0A-B768-3DEA4437A67D}.Debug|Any CPU.ActiveCfg = Debug|Any CPU
		{4895D58F-C625-4D0A-B768-3DEA4437A67D}.Debug|Any CPU.Build.0 = Debug|Any CPU
		{4895D58F-C625-4D0A-B768-3DEA4437A67D}.Debug|Any CPU.Deploy.0 = Debug|Any CPU
		{4895D58F-C625-4D0A-B768-3DEA4437A67D}.Release|Any CPU.ActiveCfg = Release|Any CPU
		{4895D58F-C625-4D0A-B768-3DEA4437A67D}.Release|Any CPU.Build.0 = Release|Any CPU
		{4895D58F-C625-4D0A-B768-3DEA4437A67D}.Release|Any CPU.Deploy.0 = Release|Any CPU
	EndGlobalSection
	GlobalSection(SolutionProperties) = preSolution
		HideSolutionNode = FALSE
	EndGlobalSection
	GlobalSection(ExtensibilityGlobals) = postSolution
		SolutionGuid = {695406FE-DBDA-4DFB-91F8-9B9F0F0D9F1A}
	EndGlobalSection
EndGlobal
